
Microsoft Visual Studio Solution File, Format Version 12.00
# Visual Studio 14
VisualStudioVersion = 14.0.25420.1
MinimumVisualStudioVersion = 10.0.40219.1
Project("{FAE04EC0-301F-11D3-BF4B-00C04F79EFBC}") = "MVP.Entities", "MVP.Entities\MVP.Entities.csproj", "{1F71096A-1AFF-4406-B189-2B1699ED1FF9}"
EndProject
Project("{FAE04EC0-301F-11D3-BF4B-00C04F79EFBC}") = "MVP.Presenters", "MVP.Presenters\MVP.Presenters.csproj", "{1E4F799C-F582-43E4-9013-14911113F1FC}"
EndProject
Project("{FAE04EC0-301F-11D3-BF4B-00C04F79EFBC}") = "MVP.Views", "MVP.Views\MVP.Views.csproj", "{619717A7-F677-4D88-A58E-9BA786E1AC69}"
EndProject
Project("{FAE04EC0-301F-11D3-BF4B-00C04F79EFBC}") = "MVP.Models", "MVP.Models\MVP.Models.csproj", "{ABC043BF-1969-4849-8833-BBC49F302211}"
EndProject
Project("{FAE04EC0-301F-11D3-BF4B-00C04F79EFBC}") = "MVP.Forms", "MVP.Forms\MVP.Forms.csproj", "{C31AF13D-59B6-4B61-B116-17A4BC7C30E9}"
EndProject
Global
	GlobalSection(SolutionConfigurationPlatforms) = preSolution
		Debug|Any CPU = Debug|Any CPU
		Debug|Mixed Platforms = Debug|Mixed Platforms
		Debug|x86 = Debug|x86
		Release|Any CPU = Release|Any CPU
		Release|Mixed Platforms = Release|Mixed Platforms
		Release|x86 = Release|x86
	EndGlobalSection
	GlobalSection(ProjectConfigurationPlatforms) = postSolution
		{1F71096A-1AFF-4406-B189-2B1699ED1FF9}.Debug|Any CPU.ActiveCfg = Debug|Any CPU
		{1F71096A-1AFF-4406-B189-2B1699ED1FF9}.Debug|Any CPU.Build.0 = Debug|Any CPU
		{1F71096A-1AFF-4406-B189-2B1699ED1FF9}.Debug|Mixed Platforms.ActiveCfg = Debug|Any CPU
		{1F71096A-1AFF-4406-B189-2B1699ED1FF9}.Debug|Mixed Platforms.Build.0 = Debug|Any CPU
		{1F71096A-1AFF-4406-B189-2B1699ED1FF9}.Debug|x86.ActiveCfg = Debug|Any CPU
		{1F71096A-1AFF-4406-B189-2B1699ED1FF9}.Debug|x86.Build.0 = Debug|Any CPU
		{1F71096A-1AFF-4406-B189-2B1699ED1FF9}.Release|Any CPU.ActiveCfg = Release|Any CPU
		{1F71096A-1AFF-4406-B189-2B1699ED1FF9}.Release|Any CPU.Build.0 = Release|Any CPU
		{1F71096A-1AFF-4406-B189-2B1699ED1FF9}.Release|Mixed Platforms.ActiveCfg = Release|Any CPU
		{1F71096A-1AFF-4406-B189-2B1699ED1FF9}.Release|Mixed Platforms.Build.0 = Release|Any CPU
		{1F71096A-1AFF-4406-B189-2B1699ED1FF9}.Release|x86.ActiveCfg = Release|Any CPU
		{1F71096A-1AFF-4406-B189-2B1699ED1FF9}.Release|x86.Build.0 = Release|Any CPU
		{1E4F799C-F582-43E4-9013-14911113F1FC}.Debug|Any CPU.ActiveCfg = Debug|Any CPU
		{1E4F799C-F582-43E4-9013-14911113F1FC}.Debug|Any CPU.Build.0 = Debug|Any CPU
		{1E4F799C-F582-43E4-9013-14911113F1FC}.Debug|Mixed Platforms.ActiveCfg = Debug|Any CPU
		{1E4F799C-F582-43E4-9013-14911113F1FC}.Debug|Mixed Platforms.Build.0 = Debug|Any CPU
		{1E4F799C-F582-43E4-9013-14911113F1FC}.Debug|x86.ActiveCfg = Debug|Any CPU
		{1E4F799C-F582-43E4-9013-14911113F1FC}.Debug|x86.Build.0 = Debug|Any CPU
		{1E4F799C-F582-43E4-9013-14911113F1FC}.Release|Any CPU.ActiveCfg = Release|Any CPU
		{1E4F799C-F582-43E4-9013-14911113F1FC}.Release|Any CPU.Build.0 = Release|Any CPU
		{1E4F799C-F582-43E4-9013-14911113F1FC}.Release|Mixed Platforms.ActiveCfg = Release|Any CPU
		{1E4F799C-F582-43E4-9013-14911113F1FC}.Release|Mixed Platforms.Build.0 = Release|Any CPU
		{1E4F799C-F582-43E4-9013-14911113F1FC}.Release|x86.ActiveCfg = Release|Any CPU
		{1E4F799C-F582-43E4-9013-14911113F1FC}.Release|x86.Build.0 = Release|Any CPU
		{619717A7-F677-4D88-A58E-9BA786E1AC69}.Debug|Any CPU.ActiveCfg = Debug|Any CPU
		{619717A7-F677-4D88-A58E-9BA786E1AC69}.Debug|Any CPU.Build.0 = Debug|Any CPU
		{619717A7-F677-4D88-A58E-9BA786E1AC69}.Debug|Mixed Platforms.ActiveCfg = Debug|Any CPU
		{619717A7-F677-4D88-A58E-9BA786E1AC69}.Debug|Mixed Platforms.Build.0 = Debug|Any CPU
		{619717A7-F677-4D88-A58E-9BA786E1AC69}.Debug|x86.ActiveCfg = Debug|Any CPU
		{619717A7-F677-4D88-A58E-9BA786E1AC69}.Debug|x86.Build.0 = Debug|Any CPU
		{619717A7-F677-4D88-A58E-9BA786E1AC69}.Release|Any CPU.ActiveCfg = Release|Any CPU
		{619717A7-F677-4D88-A58E-9BA786E1AC69}.Release|Any CPU.Build.0 = Release|Any CPU
		{619717A7-F677-4D88-A58E-9BA786E1AC69}.Release|Mixed Platforms.ActiveCfg = Release|Any CPU
		{619717A7-F677-4D88-A58E-9BA786E1AC69}.Release|Mixed Platforms.Build.0 = Release|Any CPU
		{619717A7-F677-4D88-A58E-9BA786E1AC69}.Release|x86.ActiveCfg = Release|Any CPU
		{619717A7-F677-4D88-A58E-9BA786E1AC69}.Release|x86.Build.0 = Release|Any CPU
		{ABC043BF-1969-4849-8833-BBC49F302211}.Debug|Any CPU.ActiveCfg = Debug|Any CPU
		{ABC043BF-1969-4849-8833-BBC49F302211}.Debug|Any CPU.Build.0 = Debug|Any CPU
		{ABC043BF-1969-4849-8833-BBC49F302211}.Debug|Mixed Platforms.ActiveCfg = Debug|Any CPU
		{ABC043BF-1969-4849-8833-BBC49F302211}.Debug|Mixed Platforms.Build.0 = Debug|Any CPU
		{ABC043BF-1969-4849-8833-BBC49F302211}.Debug|x86.ActiveCfg = Debug|Any CPU
		{ABC043BF-1969-4849-8833-BBC49F302211}.Debug|x86.Build.0 = Debug|Any CPU
		{ABC043BF-1969-4849-8833-BBC49F302211}.Release|Any CPU.ActiveCfg = Release|Any CPU
		{ABC043BF-1969-4849-8833-BBC49F302211}.Release|Any CPU.Build.0 = Release|Any CPU
		{ABC043BF-1969-4849-8833-BBC49F302211}.Release|Mixed Platforms.ActiveCfg = Release|Any CPU
		{ABC043BF-1969-4849-8833-BBC49F302211}.Release|Mixed Platforms.Build.0 = Release|Any CPU
		{ABC043BF-1969-4849-8833-BBC49F302211}.Release|x86.ActiveCfg = Release|Any CPU
		{ABC043BF-1969-4849-8833-BBC49F302211}.Release|x86.Build.0 = Release|Any CPU
		{C31AF13D-59B6-4B61-B116-17A4BC7C30E9}.Debug|Any CPU.ActiveCfg = Debug|Any CPU
		{C31AF13D-59B6-4B61-B116-17A4BC7C30E9}.Debug|Any CPU.Build.0 = Debug|Any CPU
		{C31AF13D-59B6-4B61-B116-17A4BC7C30E9}.Debug|Mixed Platforms.ActiveCfg = Debug|Any CPU
		{C31AF13D-59B6-4B61-B116-17A4BC7C30E9}.Debug|Mixed Platforms.Build.0 = Debug|Any CPU
		{C31AF13D-59B6-4B61-B116-17A4BC7C30E9}.Debug|x86.ActiveCfg = Debug|Any CPU
		{C31AF13D-59B6-4B61-B116-17A4BC7C30E9}.Debug|x86.Build.0 = Debug|Any CPU
		{C31AF13D-59B6-4B61-B116-17A4BC7C30E9}.Release|Any CPU.ActiveCfg = Release|Any CPU
		{C31AF13D-59B6-4B61-B116-17A4BC7C30E9}.Release|Any CPU.Build.0 = Release|Any CPU
		{C31AF13D-59B6-4B61-B116-17A4BC7C30E9}.Release|Mixed Platforms.ActiveCfg = Release|Any CPU
		{C31AF13D-59B6-4B61-B116-17A4BC7C30E9}.Release|Mixed Platforms.Build.0 = Release|Any CPU
		{C31AF13D-59B6-4B61-B116-17A4BC7C30E9}.Release|x86.ActiveCfg = Release|Any CPU
		{C31AF13D-59B6-4B61-B116-17A4BC7C30E9}.Release|x86.Build.0 = Release|Any CPU
	EndGlobalSection
	GlobalSection(SolutionProperties) = preSolution
		HideSolutionNode = FALSE
	EndGlobalSection
EndGlobal
